
Microsoft Visual Studio Solution File, Format Version 12.00
# Visual Studio 15
Project("{FAE04EC0-301F-11D3-BF4B-00C04F79EFBC}") = "Assembly-CSharp", "Assembly-CSharp.csproj", "{3869B510-B69D-AA4E-8290-9F2DA4C6FF4D}"
EndProject
Global
	GlobalSection(SolutionConfigurationPlatforms) = preSolution
		Debug|Any CPU = Debug|Any CPU
		Release|Any CPU = Release|Any CPU
	EndGlobalSection
	GlobalSection(ProjectConfigurationPlatforms) = postSolution
		{3869B510-B69D-AA4E-8290-9F2DA4C6FF4D}.Debug|Any CPU.ActiveCfg = Debug|Any CPU
		{3869B510-B69D-AA4E-8290-9F2DA4C6FF4D}.Debug|Any CPU.Build.0 = Debug|Any CPU
		{3869B510-B69D-AA4E-8290-9F2DA4C6FF4D}.Release|Any CPU.ActiveCfg = Release|Any CPU
		{3869B510-B69D-AA4E-8290-9F2DA4C6FF4D}.Release|Any CPU.Build.0 = Release|Any CPU
	EndGlobalSection
	GlobalSection(SolutionProperties) = preSolution
		HideSolutionNode = FALSE
	EndGlobalSection
EndGlobal
